
Microsoft Visual Studio Solution File, Format Version 12.00
# Visual Studio Version 16
VisualStudioVersion = 16.6.30114.105
MinimumVisualStudioVersion = 10.0.40219.1
Project("{FAE04EC0-301F-11D3-BF4B-00C04F79EFBC}") = "API", "API\API.csproj", "{43A84290-782A-494B-83EE-85DBC37B1226}"
EndProject
Project("{FAE04EC0-301F-11D3-BF4B-00C04F79EFBC}") = "Application", "Application\Application.csproj", "{F3D8B231-A3F3-4E91-9EAA-E53FFC7104D7}"
EndProject
Project("{FAE04EC0-301F-11D3-BF4B-00C04F79EFBC}") = "Domain", "Domain\Domain.csproj", "{0C6BDE74-B451-42C4-BD71-B260C129DA90}"
EndProject
Project("{FAE04EC0-301F-11D3-BF4B-00C04F79EFBC}") = "Persistence", "Persistence\Persistence.csproj", "{E4950DF0-B7A8-400A-B9C9-00C2151FE6AE}"
EndProject
Global
	GlobalSection(SolutionConfigurationPlatforms) = preSolution
		Debug|Any CPU = Debug|Any CPU
		Debug|x64 = Debug|x64
		Debug|x86 = Debug|x86
		Release|Any CPU = Release|Any CPU
		Release|x64 = Release|x64
		Release|x86 = Release|x86
	EndGlobalSection
	GlobalSection(SolutionProperties) = preSolution
		HideSolutionNode = FALSE
	EndGlobalSection
	GlobalSection(ProjectConfigurationPlatforms) = postSolution
		{43A84290-782A-494B-83EE-85DBC37B1226}.Debug|Any CPU.ActiveCfg = Debug|Any CPU
		{43A84290-782A-494B-83EE-85DBC37B1226}.Debug|Any CPU.Build.0 = Debug|Any CPU
		{43A84290-782A-494B-83EE-85DBC37B1226}.Debug|x64.ActiveCfg = Debug|Any CPU
		{43A84290-782A-494B-83EE-85DBC37B1226}.Debug|x64.Build.0 = Debug|Any CPU
		{43A84290-782A-494B-83EE-85DBC37B1226}.Debug|x86.ActiveCfg = Debug|Any CPU
		{43A84290-782A-494B-83EE-85DBC37B1226}.Debug|x86.Build.0 = Debug|Any CPU
		{43A84290-782A-494B-83EE-85DBC37B1226}.Release|Any CPU.ActiveCfg = Release|Any CPU
		{43A84290-782A-494B-83EE-85DBC37B1226}.Release|Any CPU.Build.0 = Release|Any CPU
		{43A84290-782A-494B-83EE-85DBC37B1226}.Release|x64.ActiveCfg = Release|Any CPU
		{43A84290-782A-494B-83EE-85DBC37B1226}.Release|x64.Build.0 = Release|Any CPU
		{43A84290-782A-494B-83EE-85DBC37B1226}.Release|x86.ActiveCfg = Release|Any CPU
		{43A84290-782A-494B-83EE-85DBC37B1226}.Release|x86.Build.0 = Release|Any CPU
		{F3D8B231-A3F3-4E91-9EAA-E53FFC7104D7}.Debug|Any CPU.ActiveCfg = Debug|Any CPU
		{F3D8B231-A3F3-4E91-9EAA-E53FFC7104D7}.Debug|Any CPU.Build.0 = Debug|Any CPU
		{F3D8B231-A3F3-4E91-9EAA-E53FFC7104D7}.Debug|x64.ActiveCfg = Debug|Any CPU
		{F3D8B231-A3F3-4E91-9EAA-E53FFC7104D7}.Debug|x64.Build.0 = Debug|Any CPU
		{F3D8B231-A3F3-4E91-9EAA-E53FFC7104D7}.Debug|x86.ActiveCfg = Debug|Any CPU
		{F3D8B231-A3F3-4E91-9EAA-E53FFC7104D7}.Debug|x86.Build.0 = Debug|Any CPU
		{F3D8B231-A3F3-4E91-9EAA-E53FFC7104D7}.Release|Any CPU.ActiveCfg = Release|Any CPU
		{F3D8B231-A3F3-4E91-9EAA-E53FFC7104D7}.Release|Any CPU.Build.0 = Release|Any CPU
		{F3D8B231-A3F3-4E91-9EAA-E53FFC7104D7}.Release|x64.ActiveCfg = Release|Any CPU
		{F3D8B231-A3F3-4E91-9EAA-E53FFC7104D7}.Release|x64.Build.0 = Release|Any CPU
		{F3D8B231-A3F3-4E91-9EAA-E53FFC7104D7}.Release|x86.ActiveCfg = Release|Any CPU
		{F3D8B231-A3F3-4E91-9EAA-E53FFC7104D7}.Release|x86.Build.0 = Release|Any CPU
		{0C6BDE74-B451-42C4-BD71-B260C129DA90}.Debug|Any CPU.ActiveCfg = Debug|Any CPU
		{0C6BDE74-B451-42C4-BD71-B260C129DA90}.Debug|Any CPU.Build.0 = Debug|Any CPU
		{0C6BDE74-B451-42C4-BD71-B260C129DA90}.Debug|x64.ActiveCfg = Debug|Any CPU
		{0C6BDE74-B451-42C4-BD71-B260C129DA90}.Debug|x64.Build.0 = Debug|Any CPU
		{0C6BDE74-B451-42C4-BD71-B260C129DA90}.Debug|x86.ActiveCfg = Debug|Any CPU
		{0C6BDE74-B451-42C4-BD71-B260C129DA90}.Debug|x86.Build.0 = Debug|Any CPU
		{0C6BDE74-B451-42C4-BD71-B260C129DA90}.Release|Any CPU.ActiveCfg = Release|Any CPU
		{0C6BDE74-B451-42C4-BD71-B260C129DA90}.Release|Any CPU.Build.0 = Release|Any CPU
		{0C6BDE74-B451-42C4-BD71-B260C129DA90}.Release|x64.ActiveCfg = Release|Any CPU
		{0C6BDE74-B451-42C4-BD71-B260C129DA90}.Release|x64.Build.0 = Release|Any CPU
		{0C6BDE74-B451-42C4-BD71-B260C129DA90}.Release|x86.ActiveCfg = Release|Any CPU
		{0C6BDE74-B451-42C4-BD71-B260C129DA90}.Release|x86.Build.0 = Release|Any CPU
		{E4950DF0-B7A8-400A-B9C9-00C2151FE6AE}.Debug|Any CPU.ActiveCfg = Debug|Any CPU
		{E4950DF0-B7A8-400A-B9C9-00C2151FE6AE}.Debug|Any CPU.Build.0 = Debug|Any CPU
		{E4950DF0-B7A8-400A-B9C9-00C2151FE6AE}.Debug|x64.ActiveCfg = Debug|Any CPU
		{E4950DF0-B7A8-400A-B9C9-00C2151FE6AE}.Debug|x64.Build.0 = Debug|Any CPU
		{E4950DF0-B7A8-400A-B9C9-00C2151FE6AE}.Debug|x86.ActiveCfg = Debug|Any CPU
		{E4950DF0-B7A8-400A-B9C9-00C2151FE6AE}.Debug|x86.Build.0 = Debug|Any CPU
		{E4950DF0-B7A8-400A-B9C9-00C2151FE6AE}.Release|Any CPU.ActiveCfg = Release|Any CPU
		{E4950DF0-B7A8-400A-B9C9-00C2151FE6AE}.Release|Any CPU.Build.0 = Release|Any CPU
		{E4950DF0-B7A8-400A-B9C9-00C2151FE6AE}.Release|x64.ActiveCfg = Release|Any CPU
		{E4950DF0-B7A8-400A-B9C9-00C2151FE6AE}.Release|x64.Build.0 = Release|Any CPU
		{E4950DF0-B7A8-400A-B9C9-00C2151FE6AE}.Release|x86.ActiveCfg = Release|Any CPU
		{E4950DF0-B7A8-400A-B9C9-00C2151FE6AE}.Release|x86.Build.0 = Release|Any CPU
	EndGlobalSection
EndGlobal
